// !$*UTF8*$!
{
	archiveVersion = 1;
	classes = {
	};
	objectVersion = 46;
	objects = {

/* Begin PBXBuildFile section */
		00340983141BEB3C000AA327 /* Cocoa.framework in Frameworks */ = {isa = PBXBuildFile; fileRef = 00340982141BEB3C000AA327 /* Cocoa.framework */; };
		0034098D141BEB3C000AA327 /* InfoPlist.strings in Resources */ = {isa = PBXBuildFile; fileRef = 0034098B141BEB3C000AA327 /* InfoPlist.strings */; };
		0034098F141BEB3C000AA327 /* main.m in Sources */ = {isa = PBXBuildFile; fileRef = 0034098E141BEB3C000AA327 /* main.m */; };
		00340993141BEB3C000AA327 /* Credits.rtf in Resources */ = {isa = PBXBuildFile; fileRef = 00340991141BEB3C000AA327 /* Credits.rtf */; };
		00340996141BEB3C000AA327 /* ItemDocument.m in Sources */ = {isa = PBXBuildFile; fileRef = 00340995141BEB3C000AA327 /* ItemDocument.m */; };
		00340999141BEB3C000AA327 /* ItemDocument.xib in Resources */ = {isa = PBXBuildFile; fileRef = 00340997141BEB3C000AA327 /* ItemDocument.xib */; };
		0034099C141BEB3C000AA327 /* MainMenu.xib in Resources */ = {isa = PBXBuildFile; fileRef = 0034099A141BEB3C000AA327 /* MainMenu.xib */; };
/* End PBXBuildFile section */

/* Begin PBXFileReference section */
		0034097E141BEB3C000AA327 /* MediaClient.app */ = {isa = PBXFileReference; explicitFileType = wrapper.application; includeInIndex = 0; path = MediaClient.app; sourceTree = BUILT_PRODUCTS_DIR; };
		00340982141BEB3C000AA327 /* Cocoa.framework */ = {isa = PBXFileReference; lastKnownFileType = wrapper.framework; name = Cocoa.framework; path = System/Library/Frameworks/Cocoa.framework; sourceTree = SDKROOT; };
		00340985141BEB3C000AA327 /* AppKit.framework */ = {isa = PBXFileReference; lastKnownFileType = wrapper.framework; name = AppKit.framework; path = System/Library/Frameworks/AppKit.framework; sourceTree = SDKROOT; };
		00340986141BEB3C000AA327 /* CoreData.framework */ = {isa = PBXFileReference; lastKnownFileType = wrapper.framework; name = CoreData.framework; path = System/Library/Frameworks/CoreData.framework; sourceTree = SDKROOT; };
		00340987141BEB3C000AA327 /* Foundation.framework */ = {isa = PBXFileReference; lastKnownFileType = wrapper.framework; name = Foundation.framework; path = System/Library/Frameworks/Foundation.framework; sourceTree = SDKROOT; };
		0034098A141BEB3C000AA327 /* MediaClient-Info.plist */ = {isa = PBXFileReference; lastKnownFileType = text.plist.xml; path = "MediaClient-Info.plist"; sourceTree = "<group>"; };
		0034098C141BEB3C000AA327 /* en */ = {isa = PBXFileReference; lastKnownFileType = text.plist.strings; name = en; path = en.lproj/InfoPlist.strings; sourceTree = "<group>"; };
		0034098E141BEB3C000AA327 /* main.m */ = {isa = PBXFileReference; lastKnownFileType = sourcecode.c.objc; path = main.m; sourceTree = "<group>"; };
		00340990141BEB3C000AA327 /* MediaClient-Prefix.pch */ = {isa = PBXFileReference; lastKnownFileType = sourcecode.c.h; path = "MediaClient-Prefix.pch"; sourceTree = "<group>"; };
		00340992141BEB3C000AA327 /* en */ = {isa = PBXFileReference; lastKnownFileType = text.rtf; name = en; path = en.lproj/Credits.rtf; sourceTree = "<group>"; };
		00340994141BEB3C000AA327 /* ItemDocument.h */ = {isa = PBXFileReference; lastKnownFileType = sourcecode.c.h; path = ItemDocument.h; sourceTree = "<group>"; };
		00340995141BEB3C000AA327 /* ItemDocument.m */ = {isa = PBXFileReference; lastKnownFileType = sourcecode.c.objc; path = ItemDocument.m; sourceTree = "<group>"; };
		00340998141BEB3C000AA327 /* en */ = {isa = PBXFileReference; lastKnownFileType = file.xib; name = en; path = en.lproj/ItemDocument.xib; sourceTree = "<group>"; };
		0034099B141BEB3C000AA327 /* en */ = {isa = PBXFileReference; lastKnownFileType = file.xib; name = en; path = en.lproj/MainMenu.xib; sourceTree = "<group>"; };
/* End PBXFileReference section */

/* Begin PBXFrameworksBuildPhase section */
		0034097B141BEB3C000AA327 /* Frameworks */ = {
			isa = PBXFrameworksBuildPhase;
			buildActionMask = 2147483647;
			files = (
				00340983141BEB3C000AA327 /* Cocoa.framework in Frameworks */,
			);
			runOnlyForDeploymentPostprocessing = 0;
		};
/* End PBXFrameworksBuildPhase section */

/* Begin PBXGroup section */
		00340973141BEB3B000AA327 = {
			isa = PBXGroup;
			children = (
				00340988141BEB3C000AA327 /* MediaClient */,
				00340981141BEB3C000AA327 /* Frameworks */,
				0034097F141BEB3C000AA327 /* Products */,
			);
			sourceTree = "<group>";
		};
		0034097F141BEB3C000AA327 /* Products */ = {
			isa = PBXGroup;
			children = (
				0034097E141BEB3C000AA327 /* MediaClient.app */,
			);
			name = Products;
			sourceTree = "<group>";
		};
		00340981141BEB3C000AA327 /* Frameworks */ = {
			isa = PBXGroup;
			children = (
				00340982141BEB3C000AA327 /* Cocoa.framework */,
				00340984141BEB3C000AA327 /* Other Frameworks */,
			);
			name = Frameworks;
			sourceTree = "<group>";
		};
		00340984141BEB3C000AA327 /* Other Frameworks */ = {
			isa = PBXGroup;
			children = (
				00340985141BEB3C000AA327 /* AppKit.framework */,
				00340986141BEB3C000AA327 /* CoreData.framework */,
				00340987141BEB3C000AA327 /* Foundation.framework */,
			);
			name = "Other Frameworks";
			sourceTree = "<group>";
		};
		00340988141BEB3C000AA327 /* MediaClient */ = {
			isa = PBXGroup;
			children = (
				00340994141BEB3C000AA327 /* ItemDocument.h */,
				00340995141BEB3C000AA327 /* ItemDocument.m */,
				00340997141BEB3C000AA327 /* ItemDocument.xib */,
				0034099A141BEB3C000AA327 /* MainMenu.xib */,
				00340989141BEB3C000AA327 /* Supporting Files */,
			);
			path = MediaClient;
			sourceTree = "<group>";
		};
		00340989141BEB3C000AA327 /* Supporting Files */ = {
			isa = PBXGroup;
			children = (
				0034098A141BEB3C000AA327 /* MediaClient-Info.plist */,
				0034098B141BEB3C000AA327 /* InfoPlist.strings */,
				0034098E141BEB3C000AA327 /* main.m */,
				00340990141BEB3C000AA327 /* MediaClient-Prefix.pch */,
				00340991141BEB3C000AA327 /* Credits.rtf */,
			);
			name = "Supporting Files";
			sourceTree = "<group>";
		};
/* End PBXGroup section */

/* Begin PBXNativeTarget section */
		0034097D141BEB3C000AA327 /* MediaClient */ = {
			isa = PBXNativeTarget;
			buildConfigurationList = 0034099F141BEB3C000AA327 /* Build configuration list for PBXNativeTarget "MediaClient" */;
			buildPhases = (
				0034097A141BEB3C000AA327 /* Sources */,
				0034097B141BEB3C000AA327 /* Frameworks */,
				0034097C141BEB3C000AA327 /* Resources */,
			);
			buildRules = (
			);
			dependencies = (
			);
			name = MediaClient;
			productName = MediaClient;
			productReference = 0034097E141BEB3C000AA327 /* MediaClient.app */;
			productType = "com.apple.product-type.application";
		};
/* End PBXNativeTarget section */

/* Begin PBXProject section */
		00340975141BEB3B000AA327 /* Project object */ = {
			isa = PBXProject;
			buildConfigurationList = 00340978141BEB3B000AA327 /* Build configuration list for PBXProject "MediaClient" */;
			compatibilityVersion = "Xcode 3.2";
			developmentRegion = English;
			hasScannedForEncodings = 0;
			knownRegions = (
				en,
			);
			mainGroup = 00340973141BEB3B000AA327;
			productRefGroup = 0034097F141BEB3C000AA327 /* Products */;
			projectDirPath = "";
			projectRoot = "";
			targets = (
				0034097D141BEB3C000AA327 /* MediaClient */,
			);
		};
/* End PBXProject section */

/* Begin PBXResourcesBuildPhase section */
		0034097C141BEB3C000AA327 /* Resources */ = {
			isa = PBXResourcesBuildPhase;
			buildActionMask = 2147483647;
			files = (
				0034098D141BEB3C000AA327 /* InfoPlist.strings in Resources */,
				00340993141BEB3C000AA327 /* Credits.rtf in Resources */,
				00340999141BEB3C000AA327 /* ItemDocument.xib in Resources */,
				0034099C141BEB3C000AA327 /* MainMenu.xib in Resources */,
			);
			runOnlyForDeploymentPostprocessing = 0;
		};
/* End PBXResourcesBuildPhase section */

/* Begin PBXSourcesBuildPhase section */
		0034097A141BEB3C000AA327 /* Sources */ = {
			isa = PBXSourcesBuildPhase;
			buildActionMask = 2147483647;
			files = (
				0034098F141BEB3C000AA327 /* main.m in Sources */,
				00340996141BEB3C000AA327 /* ItemDocument.m in Sources */,
			);
			runOnlyForDeploymentPostprocessing = 0;
		};
/* End PBXSourcesBuildPhase section */

/* Begin PBXVariantGroup section */
		0034098B141BEB3C000AA327 /* InfoPlist.strings */ = {
			isa = PBXVariantGroup;
			children = (
				0034098C141BEB3C000AA327 /* en */,
			);
			name = InfoPlist.strings;
			sourceTree = "<group>";
		};
		00340991141BEB3C000AA327 /* Credits.rtf */ = {
			isa = PBXVariantGroup;
			children = (
				00340992141BEB3C000AA327 /* en */,
			);
			name = Credits.rtf;
			sourceTree = "<group>";
		};
		00340997141BEB3C000AA327 /* ItemDocument.xib */ = {
			isa = PBXVariantGroup;
			children = (
				00340998141BEB3C000AA327 /* en */,
			);
			name = ItemDocument.xib;
			sourceTree = "<group>";
		};
		0034099A141BEB3C000AA327 /* MainMenu.xib */ = {
			isa = PBXVariantGroup;
			children = (
				0034099B141BEB3C000AA327 /* en */,
			);
			name = MainMenu.xib;
			sourceTree = "<group>";
		};
/* End PBXVariantGroup section */

/* Begin XCBuildConfiguration section */
		0034099D141BEB3C000AA327 /* Debug */ = {
			isa = XCBuildConfiguration;
			buildSettings = {
				ALWAYS_SEARCH_USER_PATHS = NO;
				ARCHS = "$(ARCHS_STANDARD_64_BIT)";
				COPY_PHASE_STRIP = NO;
				GCC_C_LANGUAGE_STANDARD = gnu99;
				GCC_DYNAMIC_NO_PIC = NO;
				GCC_ENABLE_OBJC_EXCEPTIONS = YES;
				GCC_OPTIMIZATION_LEVEL = 0;
				GCC_PREPROCESSOR_DEFINITIONS = (
					"DEBUG=1",
					"$(inherited)",
				);
				GCC_SYMBOLS_PRIVATE_EXTERN = NO;
				GCC_VERSION = com.apple.compilers.llvm.clang.1_0;
				GCC_WARN_64_TO_32_BIT_CONVERSION = YES;
				GCC_WARN_ABOUT_MISSING_PROTOTYPES = YES;
				GCC_WARN_ABOUT_RETURN_TYPE = YES;
				GCC_WARN_UNUSED_VARIABLE = YES;
				MACOSX_DEPLOYMENT_TARGET = 10.7;
				ONLY_ACTIVE_ARCH = YES;
				SDKROOT = macosx;
			};
			name = Debug;
		};
		0034099E141BEB3C000AA327 /* Release */ = {
			isa = XCBuildConfiguration;
			buildSettings = {
				ALWAYS_SEARCH_USER_PATHS = NO;
				ARCHS = "$(ARCHS_STANDARD_64_BIT)";
				COPY_PHASE_STRIP = YES;
				DEBUG_INFORMATION_FORMAT = "dwarf-with-dsym";
				GCC_C_LANGUAGE_STANDARD = gnu99;
				GCC_ENABLE_OBJC_EXCEPTIONS = YES;
				GCC_VERSION = com.apple.compilers.llvm.clang.1_0;
				GCC_WARN_64_TO_32_BIT_CONVERSION = YES;
				GCC_WARN_ABOUT_MISSING_PROTOTYPES = YES;
				GCC_WARN_ABOUT_RETURN_TYPE = YES;
				GCC_WARN_UNUSED_VARIABLE = YES;
				MACOSX_DEPLOYMENT_TARGET = 10.7;
				SDKROOT = macosx;
			};
			name = Release;
		};
		003409A0141BEB3C000AA327 /* Debug */ = {
			isa = XCBuildConfiguration;
			buildSettings = {
				GCC_PRECOMPILE_PREFIX_HEADER = YES;
				GCC_PREFIX_HEADER = "MediaClient/MediaClient-Prefix.pch";
				INFOPLIST_FILE = "MediaClient/MediaClient-Info.plist";
				PRODUCT_NAME = "$(TARGET_NAME)";
				WRAPPER_EXTENSION = app;
			};
			name = Debug;
		};
		003409A1141BEB3C000AA327 /* Release */ = {
			isa = XCBuildConfiguration;
			buildSettings = {
				GCC_PRECOMPILE_PREFIX_HEADER = YES;
				GCC_PREFIX_HEADER = "MediaClient/MediaClient-Prefix.pch";
				INFOPLIST_FILE = "MediaClient/MediaClient-Info.plist";
				PRODUCT_NAME = "$(TARGET_NAME)";
				WRAPPER_EXTENSION = app;
			};
			name = Release;
		};
/* End XCBuildConfiguration section */

/* Begin XCConfigurationList section */
		00340978141BEB3B000AA327 /* Build configuration list for PBXProject "MediaClient" */ = {
			isa = XCConfigurationList;
			buildConfigurations = (
				0034099D141BEB3C000AA327 /* Debug */,
				0034099E141BEB3C000AA327 /* Release */,
			);
			defaultConfigurationIsVisible = 0;
			defaultConfigurationName = Release;
		};
		0034099F141BEB3C000AA327 /* Build configuration list for PBXNativeTarget "MediaClient" */ = {
			isa = XCConfigurationList;
			buildConfigurations = (
				003409A0141BEB3C000AA327 /* Debug */,
				003409A1141BEB3C000AA327 /* Release */,
			);
			defaultConfigurationIsVisible = 0;
		};
/* End XCConfigurationList section */
	};
	rootObject = 00340975141BEB3B000AA327 /* Project object */;
}
